
Microsoft Visual Studio Solution File, Format Version 12.00
# Visual Studio Version 17
VisualStudioVersion = 17.0.32112.339
MinimumVisualStudioVersion = 10.0.40219.1
Project("{FAE04EC0-301F-11D3-BF4B-00C04F79EFBC}") = "UnderstandingLINQApp", "UnderstandingLINQApp\UnderstandingLINQApp.csproj", "{AEE7F995-051A-4A1F-AC1C-141A32D87514}"
EndProject
Global
	GlobalSection(SolutionConfigurationPlatforms) = preSolution
		Debug|Any CPU = Debug|Any CPU
		Release|Any CPU = Release|Any CPU
	EndGlobalSection
	GlobalSection(ProjectConfigurationPlatforms) = postSolution
		{AEE7F995-051A-4A1F-AC1C-141A32D87514}.Debug|Any CPU.ActiveCfg = Debug|Any CPU
		{AEE7F995-051A-4A1F-AC1C-141A32D87514}.Debug|Any CPU.Build.0 = Debug|Any CPU
		{AEE7F995-051A-4A1F-AC1C-141A32D87514}.Release|Any CPU.ActiveCfg = Release|Any CPU
		{AEE7F995-051A-4A1F-AC1C-141A32D87514}.Release|Any CPU.Build.0 = Release|Any CPU
	EndGlobalSection
	GlobalSection(SolutionProperties) = preSolution
		HideSolutionNode = FALSE
	EndGlobalSection
	GlobalSection(ExtensibilityGlobals) = postSolution
		SolutionGuid = {0DB7212B-FE14-47A2-A925-C5FA0ED85119}
	EndGlobalSection
EndGlobal
