
Microsoft Visual Studio Solution File, Format Version 12.00
# Visual Studio Version 17
VisualStudioVersion = 17.0.32112.339
MinimumVisualStudioVersion = 10.0.40219.1
Project("{FAE04EC0-301F-11D3-BF4B-00C04F79EFBC}") = "UnderstandingADO", "UnderstandingADO\UnderstandingADO.csproj", "{B6F5AA67-8034-43E0-9ACD-D3AA5C075BD0}"
EndProject
Global
	GlobalSection(SolutionConfigurationPlatforms) = preSolution
		Debug|Any CPU = Debug|Any CPU
		Release|Any CPU = Release|Any CPU
	EndGlobalSection
	GlobalSection(ProjectConfigurationPlatforms) = postSolution
		{B6F5AA67-8034-43E0-9ACD-D3AA5C075BD0}.Debug|Any CPU.ActiveCfg = Debug|Any CPU
		{B6F5AA67-8034-43E0-9ACD-D3AA5C075BD0}.Debug|Any CPU.Build.0 = Debug|Any CPU
		{B6F5AA67-8034-43E0-9ACD-D3AA5C075BD0}.Release|Any CPU.ActiveCfg = Release|Any CPU
		{B6F5AA67-8034-43E0-9ACD-D3AA5C075BD0}.Release|Any CPU.Build.0 = Release|Any CPU
	EndGlobalSection
	GlobalSection(SolutionProperties) = preSolution
		HideSolutionNode = FALSE
	EndGlobalSection
	GlobalSection(ExtensibilityGlobals) = postSolution
		SolutionGuid = {0C9C5F60-1E9F-4539-A449-22512462669F}
	EndGlobalSection
EndGlobal
