
Microsoft Visual Studio Solution File, Format Version 12.00
# Visual Studio Version 17
VisualStudioVersion = 17.0.32112.339
MinimumVisualStudioVersion = 10.0.40219.1
Project("{FAE04EC0-301F-11D3-BF4B-00C04F79EFBC}") = "EmployeeProjectSolution", "EmployeeProjectSolution\EmployeeProjectSolution.csproj", "{976FE91C-597D-4339-9E9D-CE60DB4CAC3E}"
EndProject
Project("{FAE04EC0-301F-11D3-BF4B-00C04F79EFBC}") = "EmployeeModelsLibrary", "EmployeeModelsLibrary\EmployeeModelsLibrary.csproj", "{D943E91C-BECB-4B70-B980-5C28E88CE3B8}"
EndProject
Project("{FAE04EC0-301F-11D3-BF4B-00C04F79EFBC}") = "EmployeeDALLibrary", "EmployeeDALLibrary\EmployeeDALLibrary.csproj", "{42DF2523-09AD-46F5-A94A-783109A4012F}"
EndProject
Global
	GlobalSection(SolutionConfigurationPlatforms) = preSolution
		Debug|Any CPU = Debug|Any CPU
		Release|Any CPU = Release|Any CPU
	EndGlobalSection
	GlobalSection(ProjectConfigurationPlatforms) = postSolution
		{976FE91C-597D-4339-9E9D-CE60DB4CAC3E}.Debug|Any CPU.ActiveCfg = Debug|Any CPU
		{976FE91C-597D-4339-9E9D-CE60DB4CAC3E}.Debug|Any CPU.Build.0 = Debug|Any CPU
		{976FE91C-597D-4339-9E9D-CE60DB4CAC3E}.Release|Any CPU.ActiveCfg = Release|Any CPU
		{976FE91C-597D-4339-9E9D-CE60DB4CAC3E}.Release|Any CPU.Build.0 = Release|Any CPU
		{D943E91C-BECB-4B70-B980-5C28E88CE3B8}.Debug|Any CPU.ActiveCfg = Debug|Any CPU
		{D943E91C-BECB-4B70-B980-5C28E88CE3B8}.Debug|Any CPU.Build.0 = Debug|Any CPU
		{D943E91C-BECB-4B70-B980-5C28E88CE3B8}.Release|Any CPU.ActiveCfg = Release|Any CPU
		{D943E91C-BECB-4B70-B980-5C28E88CE3B8}.Release|Any CPU.Build.0 = Release|Any CPU
		{42DF2523-09AD-46F5-A94A-783109A4012F}.Debug|Any CPU.ActiveCfg = Debug|Any CPU
		{42DF2523-09AD-46F5-A94A-783109A4012F}.Debug|Any CPU.Build.0 = Debug|Any CPU
		{42DF2523-09AD-46F5-A94A-783109A4012F}.Release|Any CPU.ActiveCfg = Release|Any CPU
		{42DF2523-09AD-46F5-A94A-783109A4012F}.Release|Any CPU.Build.0 = Release|Any CPU
	EndGlobalSection
	GlobalSection(SolutionProperties) = preSolution
		HideSolutionNode = FALSE
	EndGlobalSection
	GlobalSection(ExtensibilityGlobals) = postSolution
		SolutionGuid = {4899CECD-183A-449D-8A7F-F556E69A3943}
	EndGlobalSection
EndGlobal
